<?xml version="1.0" encoding="utf-8"?>
<Project ToolsVersion="4.0" xmlns="http://schemas.microsoft.com/developer/msbuild/2003">
  <ItemGroup>
    <Filter Include="Source Files">
      <UniqueIdentifier>{4FC737F1-C7A5-4376-A066-2A32D752A2FF}</UniqueIdentifier>
      <Extensions>cpp;c;cc;cxx;def;odl;idl;hpj;bat;asm;asmx</Extensions>
    </Filter>
    <Filter Include="Header Files">
      <UniqueIdentifier>{93995380-89BD-4b04-88EB-625FBE52EBFB}</UniqueIdentifier>
      <Extensions>h;hh;hpp;hxx;hm;inl;inc;xsd</Extensions>
    </Filter>
    <Filter Include="Resource Files">
      <UniqueIdentifier>{67DA6AB6-F800-4c08-8B7A-83BB121AAD01}</UniqueIdentifier>
      <Extensions>rc;ico;cur;bmp;dlg;rc2;rct;bin;rgs;gif;jpg;jpeg;jpe;resx;tiff;tif;png;wav;mfcribbon-ms</Extensions>
    </Filter>
    <Filter Include="Resource Files\Shaders">
      <UniqueIdentifier>{2f42506b-28ea-41ff-90d8-a5c23ff39844}</UniqueIdentifier>
    </Filter>
    <Filter Include="Resource Files\Scenes">
      <UniqueIdentifier>{6bd94c41-757e-48b7-ba8c-04b547be02f7}</UniqueIdentifier>
    </Filter>
    <Filter Include="Resource Files\Complex Meshes">
      <UniqueIdentifier>{2a032392-5f89-47cf-af76-6560df1c08fe}</UniqueIdentifier>
    </Filter>
    <Filter Include="Resource Files\Docs">
      <UniqueIdentifier>{573fcba3-bf7f-41e8-b7ce-cb026aac7b6b}</UniqueIdentifier>
    </Filter>
    <Filter Include="Resource Files\Heightmap">
      <UniqueIdentifier>{3f999391-ff1b-42a5-8fed-74168153a26a}</UniqueIdentifier>
    </Filter>
    <Filter Include="Resource Files\Materials">
      <UniqueIdentifier>{553f4c43-b67c-4a86-9dc5-d43d5c4fd84f}</UniqueIdentifier>
    </Filter>
  </ItemGroup>
  <ItemGroup>
    <ClInclude Include="include\Camera.h">
      <Filter>Header Files</Filter>
    </ClInclude>
    <ClInclude Include="include\File_IO.h">
      <Filter>Header Files</Filter>
    </ClInclude>
    <ClInclude Include="include\Light.h">
      <Filter>Header Files</Filter>
    </ClInclude>
    <ClInclude Include="include\ObjLoader.h">
      <Filter>Header Files</Filter>
    </ClInclude>
    <ClInclude Include="include\Scene.h">
      <Filter>Header Files</Filter>
    </ClInclude>
    <ClInclude Include="include\SceneLoader.h">
      <Filter>Header Files</Filter>
    </ClInclude>
    <ClInclude Include="include\Seconds_Per_Frame_Counter.h">
      <Filter>Header Files</Filter>
    </ClInclude>
    <ClInclude Include="include\ShaderLoader.h">
      <Filter>Header Files</Filter>
    </ClInclude>
    <ClInclude Include="include\stb_image.h">
      <Filter>Header Files</Filter>
    </ClInclude>
    <ClInclude Include="include\TextureLoader.h">
      <Filter>Header Files</Filter>
    </ClInclude>
    <ClInclude Include="include\tiny_obj_loader.h">
      <Filter>Header Files</Filter>
    </ClInclude>
    <ClInclude Include="include\Mesh.h">
      <Filter>Header Files</Filter>
    </ClInclude>
    <ClInclude Include="include\Component.h">
      <Filter>Header Files</Filter>
    </ClInclude>
    <ClInclude Include="include\Object.h">
      <Filter>Header Files</Filter>
    </ClInclude>
    <ClInclude Include="include\Heightmap.h">
      <Filter>Header Files</Filter>
    </ClInclude>
    <ClInclude Include="include\Player_Controller.h">
      <Filter>Header Files</Filter>
    </ClInclude>
  </ItemGroup>
  <ItemGroup>
    <ClCompile Include="src\Camera.cpp">
      <Filter>Source Files</Filter>
    </ClCompile>
    <ClCompile Include="src\File_IO.cpp">
      <Filter>Source Files</Filter>
    </ClCompile>
    <ClCompile Include="src\Light.cpp">
      <Filter>Source Files</Filter>
    </ClCompile>
    <ClCompile Include="src\main.cpp">
      <Filter>Source Files</Filter>
    </ClCompile>
    <ClCompile Include="src\ObjLoader.cpp">
      <Filter>Source Files</Filter>
    </ClCompile>
    <ClCompile Include="src\Scene.cpp">
      <Filter>Source Files</Filter>
    </ClCompile>
    <ClCompile Include="src\SceneLoader.cpp">
      <Filter>Source Files</Filter>
    </ClCompile>
    <ClCompile Include="src\Seconds_Per_Frame_Counter.cpp">
      <Filter>Source Files</Filter>
    </ClCompile>
    <ClCompile Include="src\ShaderLoader.cpp">
      <Filter>Source Files</Filter>
    </ClCompile>
    <ClCompile Include="src\TextureLoader.cpp">
      <Filter>Source Files</Filter>
    </ClCompile>
    <ClCompile Include="src\Mesh.cpp">
      <Filter>Source Files</Filter>
    </ClCompile>
    <ClCompile Include="src\Component.cpp">
      <Filter>Source Files</Filter>
    </ClCompile>
    <ClCompile Include="src\Object.cpp">
      <Filter>Source Files</Filter>
    </ClCompile>
    <ClCompile Include="src\Heightmap.cpp">
      <Filter>Source Files</Filter>
    </ClCompile>
    <ClCompile Include="src\tiny_obj_loader.cpp">
      <Filter>Source Files</Filter>
    </ClCompile>
    <ClCompile Include="src\Player_Controller.cpp">
      <Filter>Source Files</Filter>
    </ClCompile>
  </ItemGroup>
  <ItemGroup>
    <None Include="Shaders\debug.frag">
      <Filter>Resource Files\Shaders</Filter>
    </None>
    <None Include="Shaders\debug.vert">
      <Filter>Resource Files\Shaders</Filter>
    </None>
    <None Include="Shaders\light-texture.frag">
      <Filter>Resource Files\Shaders</Filter>
    </None>
    <None Include="Shaders\light-texture.vert">
      <Filter>Resource Files\Shaders</Filter>
    </None>
    <None Include="Shaders\simple.frag">
      <Filter>Resource Files\Shaders</Filter>
    </None>
    <None Include="Shaders\simple.vert">
      <Filter>Resource Files\Shaders</Filter>
    </None>
    <None Include="Shaders\text.frag">
      <Filter>Resource Files\Shaders</Filter>
    </None>
    <None Include="Shaders\text.vert">
      <Filter>Resource Files\Shaders</Filter>
    </None>
    <None Include="Scenes\Blank.scene">
      <Filter>Resource Files\Scenes</Filter>
    </None>
    <None Include="Scenes\Chopper.scene">
      <Filter>Resource Files\Scenes</Filter>
    </None>
    <None Include="Scenes\Test.scene">
      <Filter>Resource Files\Scenes</Filter>
    </None>
    <None Include="Statics\chopper.complex">
      <Filter>Resource Files\Complex Meshes</Filter>
    </None>
    <None Include="Statics\cube.complex">
      <Filter>Resource Files\Complex Meshes</Filter>
    </None>
    <None Include="Statics\test.heightmap">
      <Filter>Resource Files\Heightmap</Filter>
    </None>
    <None Include="Materials\Barrel02.mtl">
      <Filter>Resource Files\Materials</Filter>
    </None>
    <None Include="Materials\Beta.mtl">
      <Filter>Resource Files\Materials</Filter>
    </None>
    <None Include="Materials\car-n.mtl">
      <Filter>Resource Files\Materials</Filter>
    </None>
    <None Include="Materials\Craft2.mtl">
      <Filter>Resource Files\Materials</Filter>
    </None>
    <None Include="Materials\cube-simple.mtl">
      <Filter>Resource Files\Materials</Filter>
    </None>
    <None Include="Materials\cube-tex.mtl">
      <Filter>Resource Files\Materials</Filter>
    </None>
    <None Include="Materials\dirt.mtl">
      <Filter>Resource Files\Materials</Filter>
    </None>
    <None Include="Materials\dodec-sub.mtl">
      <Filter>Resource Files\Materials</Filter>
    </None>
    <None Include="Materials\f_door_bot.mtl">
      <Filter>Resource Files\Materials</Filter>
    </None>
    <None Include="Materials\f_door_left.mtl">
      <Filter>Resource Files\Materials</Filter>
    </None>
    <None Include="Materials\f_door_right.mtl">
      <Filter>Resource Files\Materials</Filter>
    </None>
    <None Include="Materials\f_door_top.mtl">
      <Filter>Resource Files\Materials</Filter>
    </None>
    <None Include="Materials\f_wall_back_01.mtl">
      <Filter>Resource Files\Materials</Filter>
    </None>
    <None Include="Materials\f_wall_back_02.mtl">
      <Filter>Resource Files\Materials</Filter>
    </None>
    <None Include="Materials\f_wall_no_window.mtl">
      <Filter>Resource Files\Materials</Filter>
    </None>
    <None Include="Materials\f_wall_window.mtl">
      <Filter>Resource Files\Materials</Filter>
    </None>
    <None Include="Materials\f_wall_window_02.mtl">
      <Filter>Resource Files\Materials</Filter>
    </None>
    <None Include="Materials\Grass.mtl">
      <Filter>Resource Files\Materials</Filter>
    </None>
    <None Include="Materials\House2.mtl">
      <Filter>Resource Files\Materials</Filter>
    </None>
    <None Include="Materials\l_wall_house.mtl">
      <Filter>Resource Files\Materials</Filter>
    </None>
    <None Include="Materials\missile2.mtl">
      <Filter>Resource Files\Materials</Filter>
    </None>
    <None Include="Materials\PineTransp.mtl">
      <Filter>Resource Files\Materials</Filter>
    </None>
    <None Include="Materials\PineTree03.mtl">
      <Filter>Resource Files\Materials</Filter>
    </None>
    <None Include="Materials\r_wall_house.mtl">
      <Filter>Resource Files\Materials</Filter>
    </None>
    <None Include="Materials\RedwoodCart2.mtl">
      <Filter>Resource Files\Materials</Filter>
    </None>
    <None Include="Materials\Stone_path.mtl">
      <Filter>Resource Files\Materials</Filter>
    </None>
    <None Include="Materials\t_heightmap.mtl">
      <Filter>Resource Files\Materials</Filter>
    </None>
    <None Include="Materials\tetra.mtl">
      <Filter>Resource Files\Materials</Filter>
    </None>
    <None Include="Materials\TreeStump03.mtl">
      <Filter>Resource Files\Materials</Filter>
    </None>
    <None Include="Materials\uh60.mtl">
      <Filter>Resource Files\Materials</Filter>
    </None>
    <None Include="Materials\Wavecraft2.mtl">
      <Filter>Resource Files\Materials</Filter>
    </None>
  </ItemGroup>
  <ItemGroup>
    <Text Include="docs\BonesDefinition.txt">
      <Filter>Resource Files\Docs</Filter>
    </Text>
    <Text Include="docs\ComplexDefinition.txt">
      <Filter>Resource Files\Docs</Filter>
    </Text>
    <Text Include="docs\HeightmapDefinition.txt">
      <Filter>Resource Files\Docs</Filter>
    </Text>
    <Text Include="docs\SceneDefinition.txt">
      <Filter>Resource Files\Docs</Filter>
    </Text>
  </ItemGroup>
</Project>